{
  "object": {
    "pins": [
      {
        "package": "DataStream",
        "repositoryURL": "https://github.com/hughbe/DataStream",
        "state": {
          "branch": null,
          "revision": "858175a666cd9d9d45b2d9a364dba61a41940120",
          "version": "2.0.3"
        }
      },
      {
        "package": "EmfPlusReader",
        "repositoryURL": "https://github.com/hughbe/EmfPlusReader",
        "state": {
          "branch": null,
          "revision": "413b79253cbf344839459721fa107112d69c7af2",
          "version": "1.0.0"
        }
      },
      {
        "package": "EmfReader",
        "repositoryURL": "https://github.com/hughbe/EmfReader",
        "state": {
          "branch": null,
          "revision": "3eb0dd74f73a03109668025877102beae3dbf034",
          "version": "1.0.0"
        }
      },
      {
        "package": "BitField",
        "repositoryURL": "https://github.com/hughbe/SwiftBitField",
        "state": {
          "branch": null,
          "revision": "993f2e4ec4d4edfc598abd3e87cc813e937cffc1",
          "version": "1.0.0"
        }
      },
      {
        "package": "WindowsDataTypes",
        "repositoryURL": "https://github.com/hughbe/WindowsDataTypes",
        "state": {
          "branch": null,
          "revision": "2d0efa7a0fbdb3eae9ff99456cb864382b883f4d",
          "version": "1.0.10"
        }
      },
      {
        "package": "WmfReader",
        "repositoryURL": "https://github.com/hughbe/WmfReader",
        "state": {
          "branch": null,
          "revision": "760baedbaed9f479a0e4b04a0504c7c797baeb92",
          "version": "1.0.4"
        }
      }
    ]
  },
  "version": 1
}
